PODS:
  - IQKeyboardManagerSwift (6.2.1)
  - SwiftGen (6.1.0)
  - SwiftLint (0.31.0)
  - SwiftyBeaver (1.7.0)

DEPENDENCIES:
  - IQKeyboardManagerSwift
  - SwiftGen
  - SwiftLint
  - SwiftyBeaver

SPEC REPOS:
  https://github.com/cocoapods/specs.git:
    - IQKeyboardManagerSwift
    - SwiftGen
    - SwiftLint
    - SwiftyBeaver

SPEC CHECKSUMS:
  IQKeyboardManagerSwift: 0f0ae8935360b4003e6ea1ac7c19898f01e2f7c7
  SwiftGen: f872ca75cbd17bf7103c17f13dcfa0d9a15667b0
  SwiftLint: 7a0227733d786395817373b2d0ca799fd0093ff3
  SwiftyBeaver: 4cc0080d2e23f980652e28978db11a5c9da39165

PODFILE CHECKSUM: 9c8441ca3b7b998352425a743519d267989dd49c

COCOAPODS: 1.5.3
