// !$*UTF8*$!
{
	archiveVersion = 1;
	classes = {
	};
	objectVersion = 46;
	objects = {

/* Begin PBXBuildFile section */
		341223DC7F5DF464ED0CFE1F /* Constants.swift in Sources */ = {isa = PBXBuildFile; fileRef = A8A6A2A0A37CE0392958490B /* Constants.swift */; };
		3ABDBDEACDE2EA363C61E759 /* Images.swift in Sources */ = {isa = PBXBuildFile; fileRef = EDD2E2A152CAC89AB6D0588B /* Images.swift */; };
		4377DFAB5134A89BBBD3FB88 /* Assets.xcassets in Resources */ = {isa = PBXBuildFile; fileRef = 4315870725CEDB44EA443A66 /* Assets.xcassets */; };
		580ACFAB168B6AC76914EC01 /* Settings.bundle in Resources */ = {isa = PBXBuildFile; fileRef = 1EAF46C712AD02A8B3FBDFF3 /* Settings.bundle */; };
		5FB6B98386B06D04DFD52AA2 /* Main.storyboard in Resources */ = {isa = PBXBuildFile; fileRef = BB0E4D4DAA46EA68752B7006 /* Main.storyboard */; };
		6F140E3947D27C8267EEEE1E /* UIViewController.swift in Sources */ = {isa = PBXBuildFile; fileRef = 2B31882F3D5DA452418D3401 /* UIViewController.swift */; };
		70CB61D6169B407B6B64DD91 /* Pods_unit_tests_UnitTests.framework in Frameworks */ = {isa = PBXBuildFile; fileRef = 4AA2AD793B09A6866BF505C5 /* Pods_unit_tests_UnitTests.framework */; };
		739AB66A222E71CD0092B81A /* Fonts.swift in Sources */ = {isa = PBXBuildFile; fileRef = 739AB669222E71CD0092B81A /* Fonts.swift */; };
		739AB66D222E71D50092B81A /* StoryboardsScenes.swift in Sources */ = {isa = PBXBuildFile; fileRef = 739AB66B222E71D50092B81A /* StoryboardsScenes.swift */; };
		739AB66E222E71D50092B81A /* StoryboardsSegues.swift in Sources */ = {isa = PBXBuildFile; fileRef = 739AB66C222E71D50092B81A /* StoryboardsSegues.swift */; };
		7971F69CDC64DF7FCFA898E5 /* Foundation.framework in Frameworks */ = {isa = PBXBuildFile; fileRef = ECFF512FAC4162945D5E475A /* Foundation.framework */; };
		805433DA23FAE8B813D4E7E4 /* LaunchScreen.storyboard in Resources */ = {isa = PBXBuildFile; fileRef = 3F8A385EBD5FD7CCF6F51FD0 /* LaunchScreen.storyboard */; };
		8DE05F33B57F9A7E061CF11A /* Colors.xml in Resources */ = {isa = PBXBuildFile; fileRef = 3D02D0A8D448A0B343B4F22E /* Colors.xml */; };
		9AA1D54453B5C7A592157FD5 /* Strings.swift in Sources */ = {isa = PBXBuildFile; fileRef = 52EFEC421DF28C15027FED2D /* Strings.swift */; };
		A5AB56687054547005B90F36 /* TTTLogger.swift in Sources */ = {isa = PBXBuildFile; fileRef = E4839ADBFF8A20D9536BCBB9 /* TTTLogger.swift */; };
		BEE8B79D2E7882006DECF381 /* Colors.swift in Sources */ = {isa = PBXBuildFile; fileRef = 4EF19444102C5C13BCE32E91 /* Colors.swift */; };
		D1012FB15187462250586B2B /* Environment.swift in Sources */ = {isa = PBXBuildFile; fileRef = 2A0ED8957478D301A08E2C8F /* Environment.swift */; };
		E8483437336BF87C29FA7AD4 /* AppDelegate.swift in Sources */ = {isa = PBXBuildFile; fileRef = ED40D2CD620BD4940C2CC5CA /* AppDelegate.swift */; };
		ED81EF7C7F4BB3AE67F807C5 /* Pods_TicTacToe.framework in Frameworks */ = {isa = PBXBuildFile; fileRef = B9D1E25820FA3D5A89CDA3AC /* Pods_TicTacToe.framework */; };
		F17C703F829EC59132ADE03F /* Localizable.strings in Sources */ = {isa = PBXBuildFile; fileRef = FEBBDA0167BB33ACE835D551 /* Localizable.strings */; };
/* End PBXBuildFile section */

/* Begin PBXContainerItemProxy section */
		AB154636C558985231513EF3 /* PBXContainerItemProxy */ = {
			isa = PBXContainerItemProxy;
			containerPortal = 4F0CF7A8492F76EE5C61C5BF /* Project object */;
			proxyType = 1;
			remoteGlobalIDString = 983E88DE14B576928970050E;
			remoteInfo = TicTacToe;
		};
/* End PBXContainerItemProxy section */

/* Begin PBXFileReference section */
		01CFBA9110EA4D74C749ACE0 /* Pods-unit_tests-UnitTests.debug.xcconfig */ = {isa = PBXFileReference; includeInIndex = 1; lastKnownFileType = text.xcconfig; name = "Pods-unit_tests-UnitTests.debug.xcconfig"; path = "Pods/Target Support Files/Pods-unit_tests-UnitTests/Pods-unit_tests-UnitTests.debug.xcconfig"; sourceTree = "<group>"; };
		093F9C01E1DBCF5A4F2723B0 /* Pods-unit_tests-UnitTests.release.xcconfig */ = {isa = PBXFileReference; includeInIndex = 1; lastKnownFileType = text.xcconfig; name = "Pods-unit_tests-UnitTests.release.xcconfig"; path = "Pods/Target Support Files/Pods-unit_tests-UnitTests/Pods-unit_tests-UnitTests.release.xcconfig"; sourceTree = "<group>"; };
		1EAF46C712AD02A8B3FBDFF3 /* Settings.bundle */ = {isa = PBXFileReference; includeInIndex = 1; lastKnownFileType = "wrapper.plug-in"; path = Settings.bundle; sourceTree = "<group>"; };
		2A0ED8957478D301A08E2C8F /* Environment.swift */ = {isa = PBXFileReference; includeInIndex = 1; lastKnownFileType = sourcecode.swift; path = Environment.swift; sourceTree = "<group>"; };
		2B31882F3D5DA452418D3401 /* UIViewController.swift */ = {isa = PBXFileReference; includeInIndex = 1; lastKnownFileType = sourcecode.swift; path = UIViewController.swift; sourceTree = "<group>"; };
		3D02D0A8D448A0B343B4F22E /* Colors.xml */ = {isa = PBXFileReference; includeInIndex = 1; lastKnownFileType = text.xml; path = Colors.xml; sourceTree = "<group>"; };
		3F8A385EBD5FD7CCF6F51FD0 /* LaunchScreen.storyboard */ = {isa = PBXFileReference; includeInIndex = 1; lastKnownFileType = file.storyboard; path = LaunchScreen.storyboard; sourceTree = "<group>"; };
		4315870725CEDB44EA443A66 /* Assets.xcassets */ = {isa = PBXFileReference; includeInIndex = 1; lastKnownFileType = folder.assetcatalog; path = Assets.xcassets; sourceTree = "<group>"; };
		4AA2AD793B09A6866BF505C5 /* Pods_unit_tests_UnitTests.framework */ = {isa = PBXFileReference; explicitFileType = wrapper.framework; includeInIndex = 0; path = Pods_unit_tests_UnitTests.framework; sourceTree = BUILT_PRODUCTS_DIR; };
		4EF19444102C5C13BCE32E91 /* Colors.swift */ = {isa = PBXFileReference; includeInIndex = 1; lastKnownFileType = sourcecode.swift; path = Colors.swift; sourceTree = "<group>"; };
		52EFEC421DF28C15027FED2D /* Strings.swift */ = {isa = PBXFileReference; includeInIndex = 1; lastKnownFileType = sourcecode.swift; path = Strings.swift; sourceTree = "<group>"; };
		550AAFF9A4BA37B6104453B8 /* UnitTests-Info.plist */ = {isa = PBXFileReference; includeInIndex = 1; lastKnownFileType = text.plist.xml; path = "UnitTests-Info.plist"; sourceTree = "<group>"; };
		585C2A34F542B2F6CAA984A5 /* TicTacToe.app */ = {isa = PBXFileReference; explicitFileType = wrapper.application; includeInIndex = 0; path = TicTacToe.app; sourceTree = BUILT_PRODUCTS_DIR; };
		739AB669222E71CD0092B81A /* Fonts.swift */ = {isa = PBXFileReference; fileEncoding = 4; lastKnownFileType = sourcecode.swift; path = Fonts.swift; sourceTree = "<group>"; };
		739AB66B222E71D50092B81A /* StoryboardsScenes.swift */ = {isa = PBXFileReference; fileEncoding = 4; lastKnownFileType = sourcecode.swift; path = StoryboardsScenes.swift; sourceTree = "<group>"; };
		739AB66C222E71D50092B81A /* StoryboardsSegues.swift */ = {isa = PBXFileReference; fileEncoding = 4; lastKnownFileType = sourcecode.swift; path = StoryboardsSegues.swift; sourceTree = "<group>"; };
		8AADA028FBCCEA44E8323930 /* UnitTests.xctest */ = {isa = PBXFileReference; explicitFileType = wrapper.cfbundle; includeInIndex = 0; path = UnitTests.xctest; sourceTree = BUILT_PRODUCTS_DIR; };
		A8A6A2A0A37CE0392958490B /* Constants.swift */ = {isa = PBXFileReference; includeInIndex = 1; lastKnownFileType = sourcecode.swift; path = Constants.swift; sourceTree = "<group>"; };
		A9D7D14F8C0E47AFC66FA7C6 /* Info.plist */ = {isa = PBXFileReference; includeInIndex = 1; lastKnownFileType = text.plist.xml; path = Info.plist; sourceTree = "<group>"; };
		B9D1E25820FA3D5A89CDA3AC /* Pods_TicTacToe.framework */ = {isa = PBXFileReference; explicitFileType = wrapper.framework; includeInIndex = 0; path = Pods_TicTacToe.framework; sourceTree = BUILT_PRODUCTS_DIR; };
		BB0E4D4DAA46EA68752B7006 /* Main.storyboard */ = {isa = PBXFileReference; includeInIndex = 1; lastKnownFileType = file.storyboard; path = Main.storyboard; sourceTree = "<group>"; };
		BFB19956E81E9978EA2B6453 /* Pods-TicTacToe.debug.xcconfig */ = {isa = PBXFileReference; includeInIndex = 1; lastKnownFileType = text.xcconfig; name = "Pods-TicTacToe.debug.xcconfig"; path = "Pods/Target Support Files/Pods-TicTacToe/Pods-TicTacToe.debug.xcconfig"; sourceTree = "<group>"; };
		D95A42DD34BD63332BBA0698 /* Pods-TicTacToe.release.xcconfig */ = {isa = PBXFileReference; includeInIndex = 1; lastKnownFileType = text.xcconfig; name = "Pods-TicTacToe.release.xcconfig"; path = "Pods/Target Support Files/Pods-TicTacToe/Pods-TicTacToe.release.xcconfig"; sourceTree = "<group>"; };
		E4839ADBFF8A20D9536BCBB9 /* TTTLogger.swift */ = {isa = PBXFileReference; includeInIndex = 1; lastKnownFileType = sourcecode.swift; path = TTTLogger.swift; sourceTree = "<group>"; };
		ECFF512FAC4162945D5E475A /* Foundation.framework */ = {isa = PBXFileReference; lastKnownFileType = wrapper.framework; name = Foundation.framework; path = Platforms/iPhoneOS.platform/Developer/SDKs/iPhoneOS11.3.sdk/System/Library/Frameworks/Foundation.framework; sourceTree = DEVELOPER_DIR; };
		ED40D2CD620BD4940C2CC5CA /* AppDelegate.swift */ = {isa = PBXFileReference; includeInIndex = 1; lastKnownFileType = sourcecode.swift; path = AppDelegate.swift; sourceTree = "<group>"; };
		EDD2E2A152CAC89AB6D0588B /* Images.swift */ = {isa = PBXFileReference; includeInIndex = 1; lastKnownFileType = sourcecode.swift; path = Images.swift; sourceTree = "<group>"; };
		FEBBDA0167BB33ACE835D551 /* Localizable.strings */ = {isa = PBXFileReference; includeInIndex = 1; lastKnownFileType = text.plist.strings; path = Localizable.strings; sourceTree = "<group>"; };
/* End PBXFileReference section */

/* Begin PBXFrameworksBuildPhase section */
		5DE22912799FBE968A5F6899 /* Frameworks */ = {
			isa = PBXFrameworksBuildPhase;
			buildActionMask = 2147483647;
			files = (
				70CB61D6169B407B6B64DD91 /* Pods_unit_tests_UnitTests.framework in Frameworks */,
			);
			runOnlyForDeploymentPostprocessing = 0;
		};
		CC79DF9B76C01B8629A7BD83 /* Frameworks */ = {
			isa = PBXFrameworksBuildPhase;
			buildActionMask = 2147483647;
			files = (
				7971F69CDC64DF7FCFA898E5 /* Foundation.framework in Frameworks */,
				ED81EF7C7F4BB3AE67F807C5 /* Pods_TicTacToe.framework in Frameworks */,
			);
			runOnlyForDeploymentPostprocessing = 0;
		};
/* End PBXFrameworksBuildPhase section */

/* Begin PBXGroup section */
		0ACFFF811C5570674F49CFB3 /* Resources */ = {
			isa = PBXGroup;
			children = (
				739AB667222E6FF70092B81A /* Fonts */,
				4315870725CEDB44EA443A66 /* Assets.xcassets */,
				3D02D0A8D448A0B343B4F22E /* Colors.xml */,
			);
			path = Resources;
			sourceTree = "<group>";
		};
		0F34480278DBACCC06B57BA0 = {
			isa = PBXGroup;
			children = (
				4BC3D2F648100CB0D9F66F67 /* TicTacToe */,
				F401CCBAB1B032FC0AFC35B0 /* UnitTests */,
				3D843A88D8F32B2D41A964E1 /* Frameworks */,
				DA528AE56F7C3A23D2A480FC /* Products */,
				7FE0E25AFC10DC3D87C55A13 /* Pods */,
			);
			indentWidth = 4;
			sourceTree = "<group>";
			tabWidth = 4;
			usesTabs = 0;
		};
		2FF4CF94D1198671DC060F01 /* Common */ = {
			isa = PBXGroup;
			children = (
				739AB668222E70150092B81A /* Extensions */,
				A4CDC1108A665B271E1C14E6 /* GeneratedConstants */,
				A8A6A2A0A37CE0392958490B /* Constants.swift */,
				E4839ADBFF8A20D9536BCBB9 /* TTTLogger.swift */,
				2A0ED8957478D301A08E2C8F /* Environment.swift */,
			);
			path = Common;
			sourceTree = "<group>";
		};
		3D843A88D8F32B2D41A964E1 /* Frameworks */ = {
			isa = PBXGroup;
			children = (
				EEAC8B75D0D3E91734DBA1A4 /* iOS */,
				B9D1E25820FA3D5A89CDA3AC /* Pods_TicTacToe.framework */,
				4AA2AD793B09A6866BF505C5 /* Pods_unit_tests_UnitTests.framework */,
			);
			name = Frameworks;
			sourceTree = "<group>";
		};
		4A12CF438B4C25F6EEBDD8AF /* Models */ = {
			isa = PBXGroup;
			children = (
			);
			path = Models;
			sourceTree = "<group>";
		};
		4BC3D2F648100CB0D9F66F67 /* TicTacToe */ = {
			isa = PBXGroup;
			children = (
				ED40D2CD620BD4940C2CC5CA /* AppDelegate.swift */,
				4A12CF438B4C25F6EEBDD8AF /* Models */,
				2FF4CF94D1198671DC060F01 /* Common */,
				E3438FEF1B39768028F26C5C /* Controllers */,
				6350360C8BA400F7D4530B78 /* Views */,
				A0681E76707EBFE8DD6C5BF8 /* Storyboards */,
				B19B684DC412E037C07020EE /* Supporting Files */,
				1EAF46C712AD02A8B3FBDFF3 /* Settings.bundle */,
			);
			path = TicTacToe;
			sourceTree = "<group>";
		};
		51DF2F8D9AA5415BEBC574BB /* Translations */ = {
			isa = PBXGroup;
			children = (
				FEBBDA0167BB33ACE835D551 /* Localizable.strings */,
			);
			path = Translations;
			sourceTree = "<group>";
		};
		6350360C8BA400F7D4530B78 /* Views */ = {
			isa = PBXGroup;
			children = (
				E885FBBBDFF7AD7E42BAEA12 /* UIView */,
				BC7685AC83DC9F7F780F9DFA /* UITableViewCell */,
				DAC3C3FFCB359D9D6C1AD7A2 /* UICollectionViewCell */,
			);
			path = Views;
			sourceTree = "<group>";
		};
		6C187E35FF77D89D9295CB4A /* Tests */ = {
			isa = PBXGroup;
			children = (
			);
			path = Tests;
			sourceTree = "<group>";
		};
		739AB667222E6FF70092B81A /* Fonts */ = {
			isa = PBXGroup;
			children = (
			);
			path = Fonts;
			sourceTree = "<group>";
		};
		739AB668222E70150092B81A /* Extensions */ = {
			isa = PBXGroup;
			children = (
				2B31882F3D5DA452418D3401 /* UIViewController.swift */,
			);
			path = Extensions;
			sourceTree = "<group>";
		};
		7FE0E25AFC10DC3D87C55A13 /* Pods */ = {
			isa = PBXGroup;
			children = (
				D95A42DD34BD63332BBA0698 /* Pods-TicTacToe.release.xcconfig */,
				BFB19956E81E9978EA2B6453 /* Pods-TicTacToe.debug.xcconfig */,
				093F9C01E1DBCF5A4F2723B0 /* Pods-unit_tests-UnitTests.release.xcconfig */,
				01CFBA9110EA4D74C749ACE0 /* Pods-unit_tests-UnitTests.debug.xcconfig */,
			);
			name = Pods;
			sourceTree = "<group>";
		};
		855DF75E460E6877E78F249C /* Helpers */ = {
			isa = PBXGroup;
			children = (
			);
			path = Helpers;
			sourceTree = "<group>";
		};
		A0681E76707EBFE8DD6C5BF8 /* Storyboards */ = {
			isa = PBXGroup;
			children = (
				BB0E4D4DAA46EA68752B7006 /* Main.storyboard */,
			);
			path = Storyboards;
			sourceTree = "<group>";
		};
		A4292801A03FA43820FC7B13 /* Resources */ = {
			isa = PBXGroup;
			children = (
				550AAFF9A4BA37B6104453B8 /* UnitTests-Info.plist */,
			);
			path = Resources;
			sourceTree = "<group>";
		};
		A4CDC1108A665B271E1C14E6 /* GeneratedConstants */ = {
			isa = PBXGroup;
			children = (
				52EFEC421DF28C15027FED2D /* Strings.swift */,
				EDD2E2A152CAC89AB6D0588B /* Images.swift */,
				4EF19444102C5C13BCE32E91 /* Colors.swift */,
				739AB669222E71CD0092B81A /* Fonts.swift */,
				739AB66B222E71D50092B81A /* StoryboardsScenes.swift */,
				739AB66C222E71D50092B81A /* StoryboardsSegues.swift */,
			);
			path = GeneratedConstants;
			sourceTree = "<group>";
		};
		B19B684DC412E037C07020EE /* Supporting Files */ = {
			isa = PBXGroup;
			children = (
				A9D7D14F8C0E47AFC66FA7C6 /* Info.plist */,
				3F8A385EBD5FD7CCF6F51FD0 /* LaunchScreen.storyboard */,
				51DF2F8D9AA5415BEBC574BB /* Translations */,
				0ACFFF811C5570674F49CFB3 /* Resources */,
			);
			path = "Supporting Files";
			sourceTree = "<group>";
		};
		BC7685AC83DC9F7F780F9DFA /* UITableViewCell */ = {
			isa = PBXGroup;
			children = (
			);
			path = UITableViewCell;
			sourceTree = "<group>";
		};
		DA528AE56F7C3A23D2A480FC /* Products */ = {
			isa = PBXGroup;
			children = (
				585C2A34F542B2F6CAA984A5 /* TicTacToe.app */,
				8AADA028FBCCEA44E8323930 /* UnitTests.xctest */,
			);
			name = Products;
			sourceTree = "<group>";
		};
		DAC3C3FFCB359D9D6C1AD7A2 /* UICollectionViewCell */ = {
			isa = PBXGroup;
			children = (
			);
			path = UICollectionViewCell;
			sourceTree = "<group>";
		};
		E3438FEF1B39768028F26C5C /* Controllers */ = {
			isa = PBXGroup;
			children = (
			);
			path = Controllers;
			sourceTree = "<group>";
		};
		E885FBBBDFF7AD7E42BAEA12 /* UIView */ = {
			isa = PBXGroup;
			children = (
			);
			path = UIView;
			sourceTree = "<group>";
		};
		EEAC8B75D0D3E91734DBA1A4 /* iOS */ = {
			isa = PBXGroup;
			children = (
				ECFF512FAC4162945D5E475A /* Foundation.framework */,
			);
			name = iOS;
			sourceTree = "<group>";
		};
		F401CCBAB1B032FC0AFC35B0 /* UnitTests */ = {
			isa = PBXGroup;
			children = (
				A4292801A03FA43820FC7B13 /* Resources */,
				855DF75E460E6877E78F249C /* Helpers */,
				6C187E35FF77D89D9295CB4A /* Tests */,
			);
			path = UnitTests;
			sourceTree = "<group>";
		};
/* End PBXGroup section */

/* Begin PBXNativeTarget section */
		0056D57B6C4A8206A9D2D6BF /* UnitTests */ = {
			isa = PBXNativeTarget;
			buildConfigurationList = 63FF3275D58575D6B33B8172 /* Build configuration list for PBXNativeTarget "UnitTests" */;
			buildPhases = (
				39E6935EED233D0EF1FB02C0 /* [CP] Check Pods Manifest.lock */,
				44DB55413D349AAF84CEE355 /* Sources */,
				5DE22912799FBE968A5F6899 /* Frameworks */,
				8755381A1A37138E491A3878 /* Resources */,
				AA9BD5D2742F40A91CCCF79B /* [CP] Embed Pods Frameworks */,
			);
			buildRules = (
			);
			dependencies = (
				EBACD12714D0CB42A0549454 /* PBXTargetDependency */,
			);
			name = UnitTests;
			productName = UnitTests;
			productReference = 8AADA028FBCCEA44E8323930 /* UnitTests.xctest */;
			productType = "com.apple.product-type.bundle.unit-test";
		};
		983E88DE14B576928970050E /* TicTacToe */ = {
			isa = PBXNativeTarget;
			buildConfigurationList = 9342CFD2DBDE8BCE90965DA9 /* Build configuration list for PBXNativeTarget "TicTacToe" */;
			buildPhases = (
				90A9F16BC94278CD56F96BD9 /* [CP] Check Pods Manifest.lock */,
				38B065D82167590465211BA1 /* 🛠 Generate swiftgen constants */,
				10E96ED1D6990F55CA7EADF8 /* ⚠️ SwiftLint */,
				46E1356BDFD0CA7959E04272 /* ⚠️ Warn for TODO and FIXME comments */,
				ED6971DB58482D447EA725DD /* Sources */,
				CC79DF9B76C01B8629A7BD83 /* Frameworks */,
				E3CB2B50B7AA75F8DC190E9E /* Resources */,
				AF3E9C10578FF04E9DA8D3DE /* [CP] Embed Pods Frameworks */,
			);
			buildRules = (
			);
			dependencies = (
			);
			name = TicTacToe;
			productName = TicTacToe;
			productReference = 585C2A34F542B2F6CAA984A5 /* TicTacToe.app */;
			productType = "com.apple.product-type.application";
		};
/* End PBXNativeTarget section */

/* Begin PBXProject section */
		4F0CF7A8492F76EE5C61C5BF /* Project object */ = {
			isa = PBXProject;
			attributes = {
				CLASSPREFIX = TTT;
				LastSwiftUpdateCheck = 0930;
				LastUpgradeCheck = 1010;
				ORGANIZATIONNAME = Etienne;
				TargetAttributes = {
					983E88DE14B576928970050E = {
						ProvisioningStyle = Manual;
					};
				};
			};
			buildConfigurationList = F9A01AAE7C5F8F1B6EA26582 /* Build configuration list for PBXProject "TicTacToe" */;
			compatibilityVersion = "Xcode 3.2";
			developmentRegion = English;
			hasScannedForEncodings = 0;
			knownRegions = (
				en,
			);
			mainGroup = 0F34480278DBACCC06B57BA0;
			productRefGroup = DA528AE56F7C3A23D2A480FC /* Products */;
			projectDirPath = "";
			projectRoot = "";
			targets = (
				983E88DE14B576928970050E /* TicTacToe */,
				0056D57B6C4A8206A9D2D6BF /* UnitTests */,
			);
		};
/* End PBXProject section */

/* Begin PBXResourcesBuildPhase section */
		8755381A1A37138E491A3878 /* Resources */ = {
			isa = PBXResourcesBuildPhase;
			buildActionMask = 2147483647;
			files = (
			);
			runOnlyForDeploymentPostprocessing = 0;
		};
		E3CB2B50B7AA75F8DC190E9E /* Resources */ = {
			isa = PBXResourcesBuildPhase;
			buildActionMask = 2147483647;
			files = (
				8DE05F33B57F9A7E061CF11A /* Colors.xml in Resources */,
				5FB6B98386B06D04DFD52AA2 /* Main.storyboard in Resources */,
				805433DA23FAE8B813D4E7E4 /* LaunchScreen.storyboard in Resources */,
				4377DFAB5134A89BBBD3FB88 /* Assets.xcassets in Resources */,
				580ACFAB168B6AC76914EC01 /* Settings.bundle in Resources */,
			);
			runOnlyForDeploymentPostprocessing = 0;
		};
/* End PBXResourcesBuildPhase section */

/* Begin PBXShellScriptBuildPhase section */
		10E96ED1D6990F55CA7EADF8 /* ⚠️ SwiftLint */ = {
			isa = PBXShellScriptBuildPhase;
			buildActionMask = 2147483647;
			files = (
			);
			inputPaths = (
			);
			name = "⚠️ SwiftLint";
			outputPaths = (
			);
			runOnlyForDeploymentPostprocessing = 0;
			shellPath = /bin/sh;
			shellScript = "POD_DIR=\"$PODS_ROOT/SwiftLint/swiftlint\"\nif which $POD_DIR > /dev/null; then\n  $POD_DIR\n  # Also warn about IBOutlets not marked private\n  SRCDIR=\"$PROJECT_DIR/$PROJECT_NAME\"\n  grep --include '*.swift' --with-filename --line-number -r '\\@IBOutlet' \"$SRCDIR\" | grep -v 'private' | grep -v 'internal' | sed s/':[^:]*\\@IBOutlet.*$'/': warning: IBOutlets should be marked private'/\n  # Also warn about non-weak delegates\n  grep --include '*.swift' --with-filename --line-number -ri 'var [a-z]*delegate: [a-z]\\?' \"$SRCDIR\" | grep -v 'weak' | sed s/':[^:]*var .*$'/': warning: delegates should always be weak'/\nelse\n  echo \"warning: SwiftLint not installed, download from https://github.com/realm/SwiftLint\"\nfi\n";
		};
		38B065D82167590465211BA1 /* 🛠 Generate swiftgen constants */ = {
			isa = PBXShellScriptBuildPhase;
			buildActionMask = 2147483647;
			files = (
			);
			inputPaths = (
			);
			name = "🛠 Generate swiftgen constants";
			outputPaths = (
			);
			runOnlyForDeploymentPostprocessing = 0;
			shellPath = /bin/sh;
			shellScript = "POD_DIR=\"$PODS_ROOT/SwiftGen/bin/swiftgen\"\nif which $POD_DIR >/dev/null; then\nSRCDIR=\"$PROJECT_DIR/$PROJECT_NAME\"\n$POD_DIR xcassets -t swift4 \"$SRCDIR/Supporting Files/Resources/Assets.xcassets\" --output \"$SRCDIR/Common/GeneratedConstants/Images.swift\"\n$POD_DIR strings -t flat-swift4 \"$SRCDIR/Supporting Files/Translations/fr.lproj/Localizable.strings\" --output \"$SRCDIR/Common/GeneratedConstants/Strings.swift\"\n$POD_DIR colors -t swift4 \"$SRCDIR/Supporting Files/Resources/Colors.xml\" --output \"$SRCDIR/Common/GeneratedConstants/Colors.swift\"\n$POD_DIR storyboards -t scenes-swift4 \"$SRCDIR\" --output \"$SRCDIR/Common/GeneratedConstants/StoryboardsScenes.swift\"\n$POD_DIR storyboards -t segues-swift4 \"$SRCDIR\" --output \"$SRCDIR/Common/GeneratedConstants/StoryboardsSegues.swift\"\n$POD_DIR fonts -t swift4 \"$SRCDIR/Supporting Files/Resources/Fonts\" --output \"$SRCDIR/Common/GeneratedConstants/Fonts.swift\"\nelse\necho \"warning: SwiftGen not installed, download it from https://github.com/AliSoftware/SwiftGen\"\nfi\n";
		};
		39E6935EED233D0EF1FB02C0 /* [CP] Check Pods Manifest.lock */ = {
			isa = PBXShellScriptBuildPhase;
			buildActionMask = 2147483647;
			files = (
			);
			inputPaths = (
				"${PODS_PODFILE_DIR_PATH}/Podfile.lock",
				"${PODS_ROOT}/Manifest.lock",
			);
			name = "[CP] Check Pods Manifest.lock";
			outputPaths = (
				"$(DERIVED_FILE_DIR)/Pods-unit_tests-UnitTests-checkManifestLockResult.txt",
			);
			runOnlyForDeploymentPostprocessing = 0;
			shellPath = /bin/sh;
			shellScript = "diff \"${PODS_PODFILE_DIR_PATH}/Podfile.lock\" \"${PODS_ROOT}/Manifest.lock\" > /dev/null\nif [ $? != 0 ] ; then\n    # print error to STDERR\n    echo \"error: The sandbox is not in sync with the Podfile.lock. Run 'pod install' or update your CocoaPods installation.\" >&2\n    exit 1\nfi\n# This output is used by Xcode 'outputs' to avoid re-running this script phase.\necho \"SUCCESS\" > \"${SCRIPT_OUTPUT_FILE_0}\"\n";
			showEnvVarsInLog = 0;
		};
		46E1356BDFD0CA7959E04272 /* ⚠️ Warn for TODO and FIXME comments */ = {
			isa = PBXShellScriptBuildPhase;
			buildActionMask = 2147483647;
			files = (
			);
			inputPaths = (
			);
			name = "⚠️ Warn for TODO and FIXME comments";
			outputPaths = (
			);
			runOnlyForDeploymentPostprocessing = 0;
			shellPath = /bin/sh;
			shellScript = "KEYWORDS=\"TODO:|FIXME:|\\?\\?\\?:|\\!\\!\\!:\"\nFILE_EXTENSIONS=\"swift|h|m|mm|c|cpp\"\nfind -E \"${SRCROOT}\" -ipath \"${SRCROOT}/Carthage\" -prune -o -ipath \"${SRCROOT}/pods\" -prune -o \\( -regex \".*\\.($FILE_EXTENSIONS)$\" \\) -print0 | xargs -0 egrep --with-filename --line-number --only-matching \"($KEYWORDS).*\\$\" | perl -p -e \"s/($KEYWORDS)/ warning: \\$1/\"\n";
		};
		90A9F16BC94278CD56F96BD9 /* [CP] Check Pods Manifest.lock */ = {
			isa = PBXShellScriptBuildPhase;
			buildActionMask = 2147483647;
			files = (
			);
			inputPaths = (
				"${PODS_PODFILE_DIR_PATH}/Podfile.lock",
				"${PODS_ROOT}/Manifest.lock",
			);
			name = "[CP] Check Pods Manifest.lock";
			outputPaths = (
				"$(DERIVED_FILE_DIR)/Pods-TicTacToe-checkManifestLockResult.txt",
			);
			runOnlyForDeploymentPostprocessing = 0;
			shellPath = /bin/sh;
			shellScript = "diff \"${PODS_PODFILE_DIR_PATH}/Podfile.lock\" \"${PODS_ROOT}/Manifest.lock\" > /dev/null\nif [ $? != 0 ] ; then\n    # print error to STDERR\n    echo \"error: The sandbox is not in sync with the Podfile.lock. Run 'pod install' or update your CocoaPods installation.\" >&2\n    exit 1\nfi\n# This output is used by Xcode 'outputs' to avoid re-running this script phase.\necho \"SUCCESS\" > \"${SCRIPT_OUTPUT_FILE_0}\"\n";
			showEnvVarsInLog = 0;
		};
		AA9BD5D2742F40A91CCCF79B /* [CP] Embed Pods Frameworks */ = {
			isa = PBXShellScriptBuildPhase;
			buildActionMask = 2147483647;
			files = (
			);
			inputPaths = (
				"${SRCROOT}/Pods/Target Support Files/Pods-unit_tests-UnitTests/Pods-unit_tests-UnitTests-frameworks.sh",
				"${BUILT_PRODUCTS_DIR}/IQKeyboardManagerSwift/IQKeyboardManagerSwift.framework",
				"${BUILT_PRODUCTS_DIR}/SwiftyBeaver/SwiftyBeaver.framework",
			);
			name = "[CP] Embed Pods Frameworks";
			outputPaths = (
				"${TARGET_BUILD_DIR}/${FRAMEWORKS_FOLDER_PATH}/IQKeyboardManagerSwift.framework",
				"${TARGET_BUILD_DIR}/${FRAMEWORKS_FOLDER_PATH}/SwiftyBeaver.framework",
			);
			runOnlyForDeploymentPostprocessing = 0;
			shellPath = /bin/sh;
			shellScript = "\"${SRCROOT}/Pods/Target Support Files/Pods-unit_tests-UnitTests/Pods-unit_tests-UnitTests-frameworks.sh\"\n";
			showEnvVarsInLog = 0;
		};
		AF3E9C10578FF04E9DA8D3DE /* [CP] Embed Pods Frameworks */ = {
			isa = PBXShellScriptBuildPhase;
			buildActionMask = 2147483647;
			files = (
			);
			inputPaths = (
				"${SRCROOT}/Pods/Target Support Files/Pods-TicTacToe/Pods-TicTacToe-frameworks.sh",
				"${BUILT_PRODUCTS_DIR}/IQKeyboardManagerSwift/IQKeyboardManagerSwift.framework",
				"${BUILT_PRODUCTS_DIR}/SwiftyBeaver/SwiftyBeaver.framework",
			);
			name = "[CP] Embed Pods Frameworks";
			outputPaths = (
				"${TARGET_BUILD_DIR}/${FRAMEWORKS_FOLDER_PATH}/IQKeyboardManagerSwift.framework",
				"${TARGET_BUILD_DIR}/${FRAMEWORKS_FOLDER_PATH}/SwiftyBeaver.framework",
			);
			runOnlyForDeploymentPostprocessing = 0;
			shellPath = /bin/sh;
			shellScript = "\"${SRCROOT}/Pods/Target Support Files/Pods-TicTacToe/Pods-TicTacToe-frameworks.sh\"\n";
			showEnvVarsInLog = 0;
		};
/* End PBXShellScriptBuildPhase section */

/* Begin PBXSourcesBuildPhase section */
		44DB55413D349AAF84CEE355 /* Sources */ = {
			isa = PBXSourcesBuildPhase;
			buildActionMask = 2147483647;
			files = (
			);
			runOnlyForDeploymentPostprocessing = 0;
		};
		ED6971DB58482D447EA725DD /* Sources */ = {
			isa = PBXSourcesBuildPhase;
			buildActionMask = 2147483647;
			files = (
				E8483437336BF87C29FA7AD4 /* AppDelegate.swift in Sources */,
				9AA1D54453B5C7A592157FD5 /* Strings.swift in Sources */,
				3ABDBDEACDE2EA363C61E759 /* Images.swift in Sources */,
				BEE8B79D2E7882006DECF381 /* Colors.swift in Sources */,
				341223DC7F5DF464ED0CFE1F /* Constants.swift in Sources */,
				739AB66D222E71D50092B81A /* StoryboardsScenes.swift in Sources */,
				6F140E3947D27C8267EEEE1E /* UIViewController.swift in Sources */,
				739AB66A222E71CD0092B81A /* Fonts.swift in Sources */,
				A5AB56687054547005B90F36 /* TTTLogger.swift in Sources */,
				D1012FB15187462250586B2B /* Environment.swift in Sources */,
				739AB66E222E71D50092B81A /* StoryboardsSegues.swift in Sources */,
				F17C703F829EC59132ADE03F /* Localizable.strings in Sources */,
			);
			runOnlyForDeploymentPostprocessing = 0;
		};
/* End PBXSourcesBuildPhase section */

/* Begin PBXTargetDependency section */
		EBACD12714D0CB42A0549454 /* PBXTargetDependency */ = {
			isa = PBXTargetDependency;
			name = TicTacToe;
			target = 983E88DE14B576928970050E /* TicTacToe */;
			targetProxy = AB154636C558985231513EF3 /* PBXContainerItemProxy */;
		};
/* End PBXTargetDependency section */

/* Begin XCBuildConfiguration section */
		1B4C35092092CEC58048FE43 /* Debug */ = {
			isa = XCBuildConfiguration;
			baseConfigurationReference = BFB19956E81E9978EA2B6453 /* Pods-TicTacToe.debug.xcconfig */;
			buildSettings = {
				ASSETCATALOG_COMPILER_APPICON_NAME = AppIcon;
				CODE_SIGN_IDENTITY = "iPhone Developer";
				CODE_SIGN_STYLE = Manual;
				DEVELOPMENT_TEAM = "";
				INFOPLIST_FILE = "TicTacToe/Supporting Files/Info.plist";
				LD_RUNPATH_SEARCH_PATHS = "$(inherited) @executable_path/Frameworks";
				PRODUCT_BUNDLE_IDENTIFIER = "com.etienne.${PRODUCT_NAME:rfc1034identifier}";
				PROVISIONING_PROFILE_SPECIFIER = "";
				SDKROOT = iphoneos;
				SWIFT_VERSION = 4.2;
				TARGETED_DEVICE_FAMILY = "1,2";
			};
			name = Debug;
		};
		6CE21DCD6797D49FC0A2BDB3 /* Release */ = {
			isa = XCBuildConfiguration;
			buildSettings = {
				ALWAYS_SEARCH_USER_PATHS = NO;
				ASSETCATALOG_COMPILER_APPICON_NAME = AppIcon;
				CLANG_ANALYZER_NONNULL = YES;
				CLANG_ANALYZER_NUMBER_OBJECT_CONVERSION = YES_AGGRESSIVE;
				CLANG_CXX_LANGUAGE_STANDARD = "gnu++14";
				CLANG_CXX_LIBRARY = "libc++";
				CLANG_ENABLE_MODULES = YES;
				CLANG_ENABLE_OBJC_ARC = YES;
				CLANG_ENABLE_OBJC_WEAK = YES;
				CLANG_WARN_BLOCK_CAPTURE_AUTORELEASING = YES;
				CLANG_WARN_BOOL_CONVERSION = YES;
				CLANG_WARN_COMMA = YES;
				CLANG_WARN_CONSTANT_CONVERSION = YES;
				CLANG_WARN_DEPRECATED_OBJC_IMPLEMENTATIONS = YES;
				CLANG_WARN_DIRECT_OBJC_ISA_USAGE = YES_ERROR;
				CLANG_WARN_DOCUMENTATION_COMMENTS = YES;
				CLANG_WARN_EMPTY_BODY = YES;
				CLANG_WARN_ENUM_CONVERSION = YES;
				CLANG_WARN_IMPLICIT_SIGN_CONVERSION = YES;
				CLANG_WARN_INFINITE_RECURSION = YES;
				CLANG_WARN_INT_CONVERSION = YES;
				CLANG_WARN_NON_LITERAL_NULL_CONVERSION = YES;
				CLANG_WARN_OBJC_IMPLICIT_RETAIN_SELF = YES;
				CLANG_WARN_OBJC_LITERAL_CONVERSION = YES;
				CLANG_WARN_OBJC_ROOT_CLASS = YES_ERROR;
				CLANG_WARN_RANGE_LOOP_ANALYSIS = YES;
				CLANG_WARN_STRICT_PROTOTYPES = YES;
				CLANG_WARN_SUSPICIOUS_IMPLICIT_CONVERSION = YES;
				CLANG_WARN_SUSPICIOUS_MOVE = YES;
				CLANG_WARN_UNGUARDED_AVAILABILITY = YES_AGGRESSIVE;
				CLANG_WARN_UNREACHABLE_CODE = YES;
				CLANG_WARN__DUPLICATE_METHOD_MATCH = YES;
				"CODE_SIGN_IDENTITY[sdk=iphoneos*]" = "iPhone Developer";
				COPY_PHASE_STRIP = NO;
				DEBUG_INFORMATION_FORMAT = "dwarf-with-dsym";
				ENABLE_NS_ASSERTIONS = NO;
				ENABLE_STRICT_OBJC_MSGSEND = YES;
				GCC_C_LANGUAGE_STANDARD = gnu11;
				GCC_NO_COMMON_BLOCKS = YES;
				GCC_WARN_64_TO_32_BIT_CONVERSION = YES;
				GCC_WARN_ABOUT_DEPRECATED_FUNCTIONS = YES;
				GCC_WARN_ABOUT_MISSING_FIELD_INITIALIZERS = YES;
				GCC_WARN_ABOUT_MISSING_NEWLINE = YES;
				GCC_WARN_ABOUT_RETURN_TYPE = YES;
				GCC_WARN_CHECK_SWITCH_STATEMENTS = YES;
				GCC_WARN_INITIALIZER_NOT_FULLY_BRACKETED = YES;
				GCC_WARN_MISSING_PARENTHESES = YES;
				GCC_WARN_SHADOW = YES;
				GCC_WARN_SIGN_COMPARE = YES;
				GCC_WARN_TYPECHECK_CALLS_TO_PRINTF = YES;
				GCC_WARN_UNDECLARED_SELECTOR = YES;
				GCC_WARN_UNINITIALIZED_AUTOS = YES_AGGRESSIVE;
				GCC_WARN_UNUSED_FUNCTION = YES;
				GCC_WARN_UNUSED_LABEL = YES;
				GCC_WARN_UNUSED_VALUE = YES;
				GCC_WARN_UNUSED_VARIABLE = YES;
				IPHONEOS_DEPLOYMENT_TARGET = 9.0;
				MTL_ENABLE_DEBUG_INFO = NO;
				PRODUCT_NAME = "$(TARGET_NAME)";
				RUN_CLANG_STATIC_ANALYZER = YES;
				SDKROOT = iphoneos;
				SWIFT_COMPILATION_MODE = wholemodule;
				SWIFT_VERSION = 4.0;
			};
			name = Release;
		};
		8AAABDB6590F84A1F130D26D /* Release */ = {
			isa = XCBuildConfiguration;
			baseConfigurationReference = D95A42DD34BD63332BBA0698 /* Pods-TicTacToe.release.xcconfig */;
			buildSettings = {
				ASSETCATALOG_COMPILER_APPICON_NAME = AppIcon;
				CODE_SIGN_IDENTITY = "iPhone Developer";
				CODE_SIGN_STYLE = Manual;
				DEVELOPMENT_TEAM = "";
				GCC_TREAT_WARNINGS_AS_ERRORS = YES;
				INFOPLIST_FILE = "TicTacToe/Supporting Files/Info.plist";
				LD_RUNPATH_SEARCH_PATHS = "$(inherited) @executable_path/Frameworks";
				PRODUCT_BUNDLE_IDENTIFIER = "com.etienne.${PRODUCT_NAME:rfc1034identifier}";
				PROVISIONING_PROFILE_SPECIFIER = "";
				SDKROOT = iphoneos;
				SWIFT_VERSION = 4.2;
				TARGETED_DEVICE_FAMILY = "1,2";
				VALIDATE_PRODUCT = YES;
			};
			name = Release;
		};
		9EDC4C597537A7E8CB97BCC9 /* Debug */ = {
			isa = XCBuildConfiguration;
			baseConfigurationReference = 01CFBA9110EA4D74C749ACE0 /* Pods-unit_tests-UnitTests.debug.xcconfig */;
			buildSettings = {
				BUNDLE_LOADER = "$(BUILT_PRODUCTS_DIR)/TicTacToe.app/TicTacToe";
				CODE_SIGN_IDENTITY = "iPhone Developer";
				FRAMEWORK_SEARCH_PATHS = (
					"$(SDKROOT)/Developer/Library/Frameworks",
					"$(inherited)",
					"$(DEVELOPER_FRAMEWORKS_DIR)",
				);
				INFOPLIST_FILE = "UnitTests/Resources/UnitTests-Info.plist";
				PRODUCT_BUNDLE_IDENTIFIER = "com.etienne.${PRODUCT_NAME:rfc1034identifier}";
				SDKROOT = iphoneos;
				SKIP_INSTALL = YES;
				SWIFT_VERSION = 4.2;
				TEST_HOST = "$(BUNDLE_LOADER)";
				WRAPPER_EXTENSION = xctest;
			};
			name = Debug;
		};
		C20FA1A0805279C2E219E3A8 /* Release */ = {
			isa = XCBuildConfiguration;
			baseConfigurationReference = 093F9C01E1DBCF5A4F2723B0 /* Pods-unit_tests-UnitTests.release.xcconfig */;
			buildSettings = {
				BUNDLE_LOADER = "$(BUILT_PRODUCTS_DIR)/TicTacToe.app/TicTacToe";
				CODE_SIGN_IDENTITY = "iPhone Developer";
				FRAMEWORK_SEARCH_PATHS = (
					"$(SDKROOT)/Developer/Library/Frameworks",
					"$(inherited)",
					"$(DEVELOPER_FRAMEWORKS_DIR)",
				);
				INFOPLIST_FILE = "UnitTests/Resources/UnitTests-Info.plist";
				PRODUCT_BUNDLE_IDENTIFIER = "com.etienne.${PRODUCT_NAME:rfc1034identifier}";
				SDKROOT = iphoneos;
				SKIP_INSTALL = YES;
				SWIFT_VERSION = 4.2;
				TEST_HOST = "$(BUNDLE_LOADER)";
				WRAPPER_EXTENSION = xctest;
			};
			name = Release;
		};
		E13C5B5494CED58F97BC09CC /* Debug */ = {
			isa = XCBuildConfiguration;
			buildSettings = {
				ALWAYS_SEARCH_USER_PATHS = NO;
				ASSETCATALOG_COMPILER_APPICON_NAME = AppIcon;
				CLANG_ANALYZER_NONNULL = YES;
				CLANG_ANALYZER_NUMBER_OBJECT_CONVERSION = YES_AGGRESSIVE;
				CLANG_CXX_LANGUAGE_STANDARD = "gnu++14";
				CLANG_CXX_LIBRARY = "libc++";
				CLANG_ENABLE_MODULES = YES;
				CLANG_ENABLE_OBJC_ARC = YES;
				CLANG_ENABLE_OBJC_WEAK = YES;
				CLANG_WARN_BLOCK_CAPTURE_AUTORELEASING = YES;
				CLANG_WARN_BOOL_CONVERSION = YES;
				CLANG_WARN_COMMA = YES;
				CLANG_WARN_CONSTANT_CONVERSION = YES;
				CLANG_WARN_DEPRECATED_OBJC_IMPLEMENTATIONS = YES;
				CLANG_WARN_DIRECT_OBJC_ISA_USAGE = YES_ERROR;
				CLANG_WARN_DOCUMENTATION_COMMENTS = YES;
				CLANG_WARN_EMPTY_BODY = YES;
				CLANG_WARN_ENUM_CONVERSION = YES;
				CLANG_WARN_IMPLICIT_SIGN_CONVERSION = YES;
				CLANG_WARN_INFINITE_RECURSION = YES;
				CLANG_WARN_INT_CONVERSION = YES;
				CLANG_WARN_NON_LITERAL_NULL_CONVERSION = YES;
				CLANG_WARN_OBJC_IMPLICIT_RETAIN_SELF = YES;
				CLANG_WARN_OBJC_LITERAL_CONVERSION = YES;
				CLANG_WARN_OBJC_ROOT_CLASS = YES_ERROR;
				CLANG_WARN_RANGE_LOOP_ANALYSIS = YES;
				CLANG_WARN_STRICT_PROTOTYPES = YES;
				CLANG_WARN_SUSPICIOUS_IMPLICIT_CONVERSION = YES;
				CLANG_WARN_SUSPICIOUS_MOVE = YES;
				CLANG_WARN_UNGUARDED_AVAILABILITY = YES_AGGRESSIVE;
				CLANG_WARN_UNREACHABLE_CODE = YES;
				CLANG_WARN__DUPLICATE_METHOD_MATCH = YES;
				"CODE_SIGN_IDENTITY[sdk=iphoneos*]" = "iPhone Developer";
				COPY_PHASE_STRIP = NO;
				DEBUG_INFORMATION_FORMAT = dwarf;
				ENABLE_STRICT_OBJC_MSGSEND = YES;
				ENABLE_TESTABILITY = YES;
				GCC_C_LANGUAGE_STANDARD = gnu11;
				GCC_DYNAMIC_NO_PIC = NO;
				GCC_NO_COMMON_BLOCKS = YES;
				GCC_OPTIMIZATION_LEVEL = 0;
				GCC_PREPROCESSOR_DEFINITIONS = (
					"DEBUG=1",
					"$(inherited)",
				);
				GCC_WARN_64_TO_32_BIT_CONVERSION = YES;
				GCC_WARN_ABOUT_DEPRECATED_FUNCTIONS = YES;
				GCC_WARN_ABOUT_MISSING_FIELD_INITIALIZERS = YES;
				GCC_WARN_ABOUT_MISSING_NEWLINE = YES;
				GCC_WARN_ABOUT_RETURN_TYPE = YES;
				GCC_WARN_CHECK_SWITCH_STATEMENTS = YES;
				GCC_WARN_INITIALIZER_NOT_FULLY_BRACKETED = YES;
				GCC_WARN_MISSING_PARENTHESES = YES;
				GCC_WARN_SHADOW = YES;
				GCC_WARN_SIGN_COMPARE = YES;
				GCC_WARN_TYPECHECK_CALLS_TO_PRINTF = YES;
				GCC_WARN_UNDECLARED_SELECTOR = YES;
				GCC_WARN_UNINITIALIZED_AUTOS = YES_AGGRESSIVE;
				GCC_WARN_UNUSED_FUNCTION = YES;
				GCC_WARN_UNUSED_LABEL = YES;
				GCC_WARN_UNUSED_VALUE = YES;
				GCC_WARN_UNUSED_VARIABLE = YES;
				IPHONEOS_DEPLOYMENT_TARGET = 9.0;
				MTL_ENABLE_DEBUG_INFO = YES;
				ONLY_ACTIVE_ARCH = YES;
				PRODUCT_NAME = "$(TARGET_NAME)";
				RUN_CLANG_STATIC_ANALYZER = YES;
				SDKROOT = iphoneos;
				SWIFT_VERSION = 4.0;
			};
			name = Debug;
		};
/* End XCBuildConfiguration section */

/* Begin XCConfigurationList section */
		63FF3275D58575D6B33B8172 /* Build configuration list for PBXNativeTarget "UnitTests" */ = {
			isa = XCConfigurationList;
			buildConfigurations = (
				C20FA1A0805279C2E219E3A8 /* Release */,
				9EDC4C597537A7E8CB97BCC9 /* Debug */,
			);
			defaultConfigurationIsVisible = 0;
			defaultConfigurationName = Release;
		};
		9342CFD2DBDE8BCE90965DA9 /* Build configuration list for PBXNativeTarget "TicTacToe" */ = {
			isa = XCConfigurationList;
			buildConfigurations = (
				8AAABDB6590F84A1F130D26D /* Release */,
				1B4C35092092CEC58048FE43 /* Debug */,
			);
			defaultConfigurationIsVisible = 0;
			defaultConfigurationName = Release;
		};
		F9A01AAE7C5F8F1B6EA26582 /* Build configuration list for PBXProject "TicTacToe" */ = {
			isa = XCConfigurationList;
			buildConfigurations = (
				E13C5B5494CED58F97BC09CC /* Debug */,
				6CE21DCD6797D49FC0A2BDB3 /* Release */,
			);
			defaultConfigurationIsVisible = 0;
			defaultConfigurationName = Release;
		};
/* End XCConfigurationList section */
	};
	rootObject = 4F0CF7A8492F76EE5C61C5BF /* Project object */;
}
